
Microsoft Visual Studio Solution File, Format Version 12.00
# Visual Studio Version 16
VisualStudioVersion = 16.0.31624.102
MinimumVisualStudioVersion = 10.0.40219.1
Project("{FAE04EC0-301F-11D3-BF4B-00C04F79EFBC}") = "Lab3", "Lab3\Lab3.csproj", "{2A9578B8-2EA5-4EFB-B5FB-C7CAC00AAD8D}"
EndProject
Global
	GlobalSection(SolutionConfigurationPlatforms) = preSolution
		Debug|Any CPU = Debug|Any CPU
		Release|Any CPU = Release|Any CPU
	EndGlobalSection
	GlobalSection(ProjectConfigurationPlatforms) = postSolution
		{2A9578B8-2EA5-4EFB-B5FB-C7CAC00AAD8D}.Debug|Any CPU.ActiveCfg = Debug|Any CPU
		{2A9578B8-2EA5-4EFB-B5FB-C7CAC00AAD8D}.Debug|Any CPU.Build.0 = Debug|Any CPU
		{2A9578B8-2EA5-4EFB-B5FB-C7CAC00AAD8D}.Release|Any CPU.ActiveCfg = Release|Any CPU
		{2A9578B8-2EA5-4EFB-B5FB-C7CAC00AAD8D}.Release|Any CPU.Build.0 = Release|Any CPU
	EndGlobalSection
	GlobalSection(SolutionProperties) = preSolution
		HideSolutionNode = FALSE
	EndGlobalSection
	GlobalSection(ExtensibilityGlobals) = postSolution
		SolutionGuid = {7E4EE8CD-7A6C-4067-B10F-AD7908137759}
	EndGlobalSection
EndGlobal
